
Microsoft Visual Studio Solution File, Format Version 12.00
# Visual Studio Version 17
VisualStudioVersion = 17.9.34902.65
MinimumVisualStudioVersion = 10.0.40219.1
Project("{FAE04EC0-301F-11D3-BF4B-00C04F79EFBC}") = "API", "API\API.csproj", "{70D2FF05-1FB3-4FC7-AB7A-E8B546C4C9CE}"
EndProject
Project("{FAE04EC0-301F-11D3-BF4B-00C04F79EFBC}") = "Template ASP Core", "Template ASP Core\Template ASP Core.csproj", "{48C38195-AFB4-466F-BF7E-AA55D5E0F92C}"
EndProject
Project("{FAE04EC0-301F-11D3-BF4B-00C04F79EFBC}") = "Data", "Data\Data.csproj", "{BB636226-B9EE-4438-B37B-5CC3EF61815B}"
EndProject
Global
	GlobalSection(SolutionConfigurationPlatforms) = preSolution
		Debug|Any CPU = Debug|Any CPU
		Release|Any CPU = Release|Any CPU
	EndGlobalSection
	GlobalSection(ProjectConfigurationPlatforms) = postSolution
		{70D2FF05-1FB3-4FC7-AB7A-E8B546C4C9CE}.Debug|Any CPU.ActiveCfg = Debug|Any CPU
		{70D2FF05-1FB3-4FC7-AB7A-E8B546C4C9CE}.Debug|Any CPU.Build.0 = Debug|Any CPU
		{70D2FF05-1FB3-4FC7-AB7A-E8B546C4C9CE}.Release|Any CPU.ActiveCfg = Release|Any CPU
		{70D2FF05-1FB3-4FC7-AB7A-E8B546C4C9CE}.Release|Any CPU.Build.0 = Release|Any CPU
		{48C38195-AFB4-466F-BF7E-AA55D5E0F92C}.Debug|Any CPU.ActiveCfg = Debug|Any CPU
		{48C38195-AFB4-466F-BF7E-AA55D5E0F92C}.Debug|Any CPU.Build.0 = Debug|Any CPU
		{48C38195-AFB4-466F-BF7E-AA55D5E0F92C}.Release|Any CPU.ActiveCfg = Release|Any CPU
		{48C38195-AFB4-466F-BF7E-AA55D5E0F92C}.Release|Any CPU.Build.0 = Release|Any CPU
		{BB636226-B9EE-4438-B37B-5CC3EF61815B}.Debug|Any CPU.ActiveCfg = Debug|Any CPU
		{BB636226-B9EE-4438-B37B-5CC3EF61815B}.Debug|Any CPU.Build.0 = Debug|Any CPU
		{BB636226-B9EE-4438-B37B-5CC3EF61815B}.Release|Any CPU.ActiveCfg = Release|Any CPU
		{BB636226-B9EE-4438-B37B-5CC3EF61815B}.Release|Any CPU.Build.0 = Release|Any CPU
	EndGlobalSection
	GlobalSection(SolutionProperties) = preSolution
		HideSolutionNode = FALSE
	EndGlobalSection
	GlobalSection(ExtensibilityGlobals) = postSolution
		SolutionGuid = {827465D6-1C54-45C9-A15C-CA76E91634E5}
	EndGlobalSection
EndGlobal
